
Microsoft Visual Studio Solution File, Format Version 12.00
# Visual Studio 2013
VisualStudioVersion = 12.0.31101.0
MinimumVisualStudioVersion = 10.0.40219.1
Project("{FAE04EC0-301F-11D3-BF4B-00C04F79EFBC}") = "FunctionalCSharp", "FunctionalCSharp\FunctionalCSharp.csproj", "{DC0FE2A9-3967-4247-B8C3-D597C497F928}"
EndProject
Global
	GlobalSection(SolutionConfigurationPlatforms) = preSolution
		Debug|Any CPU = Debug|Any CPU
		Release|Any CPU = Release|Any CPU
	EndGlobalSection
	GlobalSection(ProjectConfigurationPlatforms) = postSolution
		{DC0FE2A9-3967-4247-B8C3-D597C497F928}.Debug|Any CPU.ActiveCfg = Debug|Any CPU
		{DC0FE2A9-3967-4247-B8C3-D597C497F928}.Debug|Any CPU.Build.0 = Debug|Any CPU
		{DC0FE2A9-3967-4247-B8C3-D597C497F928}.Release|Any CPU.ActiveCfg = Release|Any CPU
		{DC0FE2A9-3967-4247-B8C3-D597C497F928}.Release|Any CPU.Build.0 = Release|Any CPU
	EndGlobalSection
	GlobalSection(SolutionProperties) = preSolution
		HideSolutionNode = FALSE
	EndGlobalSection
EndGlobal
